
Microsoft Visual Studio Solution File, Format Version 12.00
# Visual Studio Version 17
VisualStudioVersion = 17.5.33627.172
MinimumVisualStudioVersion = 10.0.40219.1
Project("{9A19103F-16F7-4668-BE54-9A1E7A4F7556}") = "CodeFactory", "CodeFactory\CodeFactory.csproj", "{F2C8337F-79EA-4908-824C-D1AD96FAFDB6}"
EndProject
Project("{9A19103F-16F7-4668-BE54-9A1E7A4F7556}") = "CodeFactory.WinVs", "CodeFactory.WinVs\CodeFactory.WinVs.csproj", "{0CC0C774-5146-4C0D-98C0-9A19D31030A1}"
EndProject
Project("{FAE04EC0-301F-11D3-BF4B-00C04F79EFBC}") = "CodeFactory.WinVs.Wpf", "CodeFactory.WinVs.Wpf\CodeFactory.WinVs.Wpf.csproj", "{CBA0388F-F2C4-4D43-AC92-98C63EA6C88D}"
EndProject
Project("{FAE04EC0-301F-11D3-BF4B-00C04F79EFBC}") = "CodeFactory.Packager.WinVs", "CodeFactory.Packager.WinVs\CodeFactory.Packager.WinVs.csproj", "{72C4D6E9-D9F9-4CA0-A6FD-8B2C246C686A}"
EndProject
Global
	GlobalSection(SolutionConfigurationPlatforms) = preSolution
		Debug|Any CPU = Debug|Any CPU
		Release|Any CPU = Release|Any CPU
	EndGlobalSection
	GlobalSection(ProjectConfigurationPlatforms) = postSolution
		{F2C8337F-79EA-4908-824C-D1AD96FAFDB6}.Debug|Any CPU.ActiveCfg = Debug|Any CPU
		{F2C8337F-79EA-4908-824C-D1AD96FAFDB6}.Debug|Any CPU.Build.0 = Debug|Any CPU
		{F2C8337F-79EA-4908-824C-D1AD96FAFDB6}.Release|Any CPU.ActiveCfg = Release|Any CPU
		{F2C8337F-79EA-4908-824C-D1AD96FAFDB6}.Release|Any CPU.Build.0 = Release|Any CPU
		{0CC0C774-5146-4C0D-98C0-9A19D31030A1}.Debug|Any CPU.ActiveCfg = Debug|Any CPU
		{0CC0C774-5146-4C0D-98C0-9A19D31030A1}.Debug|Any CPU.Build.0 = Debug|Any CPU
		{0CC0C774-5146-4C0D-98C0-9A19D31030A1}.Release|Any CPU.ActiveCfg = Release|Any CPU
		{0CC0C774-5146-4C0D-98C0-9A19D31030A1}.Release|Any CPU.Build.0 = Release|Any CPU
		{CBA0388F-F2C4-4D43-AC92-98C63EA6C88D}.Debug|Any CPU.ActiveCfg = Debug|Any CPU
		{CBA0388F-F2C4-4D43-AC92-98C63EA6C88D}.Debug|Any CPU.Build.0 = Debug|Any CPU
		{CBA0388F-F2C4-4D43-AC92-98C63EA6C88D}.Release|Any CPU.ActiveCfg = Release|Any CPU
		{CBA0388F-F2C4-4D43-AC92-98C63EA6C88D}.Release|Any CPU.Build.0 = Release|Any CPU
		{72C4D6E9-D9F9-4CA0-A6FD-8B2C246C686A}.Debug|Any CPU.ActiveCfg = Debug|Any CPU
		{72C4D6E9-D9F9-4CA0-A6FD-8B2C246C686A}.Debug|Any CPU.Build.0 = Debug|Any CPU
		{72C4D6E9-D9F9-4CA0-A6FD-8B2C246C686A}.Release|Any CPU.ActiveCfg = Release|Any CPU
		{72C4D6E9-D9F9-4CA0-A6FD-8B2C246C686A}.Release|Any CPU.Build.0 = Release|Any CPU
	EndGlobalSection
	GlobalSection(SolutionProperties) = preSolution
		HideSolutionNode = FALSE
	EndGlobalSection
	GlobalSection(ExtensibilityGlobals) = postSolution
		SolutionGuid = {CFCA1328-FA0C-4222-8C82-F8E4B574CE65}
	EndGlobalSection
EndGlobal
