### YamlMime:ManagedReference
items:
- uid: CodeFactory.WinVs.Models.CSharp.Builder.IBlock
  commentId: T:CodeFactory.WinVs.Models.CSharp.Builder.IBlock
  id: IBlock
  parent: CodeFactory.WinVs.Models.CSharp.Builder
  children:
  - CodeFactory.WinVs.Models.CSharp.Builder.IBlock.BlockType
  langs:
  - csharp
  - vb
  name: IBlock
  nameWithType: IBlock
  fullName: CodeFactory.WinVs.Models.CSharp.Builder.IBlock
  type: Interface
  source:
    href: https://github.com/CodeFactoryLLC/CodeFactoryForWindows/blob/19e816ffdf1ba504be6987736bbac42e2d241405/Src/CodeFactoryForWindows/CodeFactory.WinVs/Models/CSharp/Builder/IBlock.cs
  assemblies:
  - CodeFactory.WinVs
  namespace: CodeFactory.WinVs.Models.CSharp.Builder
  summary: Contract definition all Blocks must implement
  example: []
  syntax:
    content: public interface IBlock
    content.vb: Public Interface IBlock
- uid: CodeFactory.WinVs.Models.CSharp.Builder.IBlock.BlockType
  commentId: P:CodeFactory.WinVs.Models.CSharp.Builder.IBlock.BlockType
  id: BlockType
  parent: CodeFactory.WinVs.Models.CSharp.Builder.IBlock
  langs:
  - csharp
  - vb
  name: BlockType
  nameWithType: IBlock.BlockType
  fullName: CodeFactory.WinVs.Models.CSharp.Builder.IBlock.BlockType
  type: Property
  source:
    href: https://github.com/CodeFactoryLLC/CodeFactoryForWindows/blob/19e816ffdf1ba504be6987736bbac42e2d241405/Src/CodeFactoryForWindows/CodeFactory.WinVs/Models/CSharp/Builder/IBlock.cs
  assemblies:
  - CodeFactory.WinVs
  namespace: CodeFactory.WinVs.Models.CSharp.Builder
  summary: The type of code block that has been implemented.
  example: []
  syntax:
    content: CodeBlockType BlockType { get; }
    parameters: []
    return:
      type: CodeFactory.WinVs.Models.CSharp.Builder.CodeBlockType
    content.vb: ReadOnly Property BlockType As CodeBlockType
  overload: CodeFactory.WinVs.Models.CSharp.Builder.IBlock.BlockType*
references:
- uid: CodeFactory.WinVs.Models.CSharp.Builder
  commentId: N:CodeFactory.WinVs.Models.CSharp.Builder
  isExternal: true
  href: CodeFactory.html
  name: CodeFactory.WinVs.Models.CSharp.Builder
  nameWithType: CodeFactory.WinVs.Models.CSharp.Builder
  fullName: CodeFactory.WinVs.Models.CSharp.Builder
  spec.csharp:
  - uid: CodeFactory
    name: CodeFactory
    isExternal: true
    href: CodeFactory.html
  - name: .
  - uid: CodeFactory.WinVs
    name: WinVs
    isExternal: true
    href: CodeFactory.WinVs.html
  - name: .
  - uid: CodeFactory.WinVs.Models
    name: Models
    isExternal: true
    href: CodeFactory.WinVs.Models.html
  - name: .
  - uid: CodeFactory.WinVs.Models.CSharp
    name: CSharp
    isExternal: true
    href: CodeFactory.WinVs.Models.CSharp.html
  - name: .
  - uid: CodeFactory.WinVs.Models.CSharp.Builder
    name: Builder
    isExternal: true
    href: CodeFactory.WinVs.Models.CSharp.Builder.html
  spec.vb:
  - uid: CodeFactory
    name: CodeFactory
    isExternal: true
    href: CodeFactory.html
  - name: .
  - uid: CodeFactory.WinVs
    name: WinVs
    isExternal: true
    href: CodeFactory.WinVs.html
  - name: .
  - uid: CodeFactory.WinVs.Models
    name: Models
    isExternal: true
    href: CodeFactory.WinVs.Models.html
  - name: .
  - uid: CodeFactory.WinVs.Models.CSharp
    name: CSharp
    isExternal: true
    href: CodeFactory.WinVs.Models.CSharp.html
  - name: .
  - uid: CodeFactory.WinVs.Models.CSharp.Builder
    name: Builder
    isExternal: true
    href: CodeFactory.WinVs.Models.CSharp.Builder.html
- uid: CodeFactory.WinVs.Models.CSharp.Builder.IBlock.BlockType*
  commentId: Overload:CodeFactory.WinVs.Models.CSharp.Builder.IBlock.BlockType
  isExternal: true
  href: CodeFactory.WinVs.Models.CSharp.Builder.IBlock.html#CodeFactory_WinVs_Models_CSharp_Builder_IBlock_BlockType
  name: BlockType
  nameWithType: IBlock.BlockType
  fullName: CodeFactory.WinVs.Models.CSharp.Builder.IBlock.BlockType
- uid: CodeFactory.WinVs.Models.CSharp.Builder.CodeBlockType
  commentId: T:CodeFactory.WinVs.Models.CSharp.Builder.CodeBlockType
  parent: CodeFactory.WinVs.Models.CSharp.Builder
  isExternal: true
  href: CodeFactory.WinVs.Models.CSharp.Builder.CodeBlockType.html
  name: CodeBlockType
  nameWithType: CodeBlockType
  fullName: CodeFactory.WinVs.Models.CSharp.Builder.CodeBlockType
